
Microsoft Visual Studio Solution File, Format Version 12.00
# Visual Studio Version 17
VisualStudioVersion = 17.14.36414.22
MinimumVisualStudioVersion = 10.0.40219.1
Project("{FAE04EC0-301F-11D3-BF4B-00C04F79EFBC}") = "PricingService", "PricingService\PricingService.csproj", "{FA0F04C3-4F47-4E70-82A1-0138552593FE}"
EndProject
Project("{FAE04EC0-301F-11D3-BF4B-00C04F79EFBC}") = "PricingService.Api", "PricingService.Api\PricingService.Api.csproj", "{7A52E79F-6D9F-4BA6-B5CF-3B05DDF790A4}"
EndProject
Project("{FAE04EC0-301F-11D3-BF4B-00C04F79EFBC}") = "PricingService.Tests", "PricingService.Tests\PricingService.Tests.csproj", "{6AC44360-39BA-4113-B8F9-00BAB3E3CBC6}"
EndProject
Project("{FAE04EC0-301F-11D3-BF4B-00C04F79EFBC}") = "PolicyService", "PolicyService\PolicyService.csproj", "{97329D8E-ECED-4335-B378-09E504638C50}"
EndProject
Project("{FAE04EC0-301F-11D3-BF4B-00C04F79EFBC}") = "PolicyService.Api", "PolicyService.Api\PolicyService.Api.csproj", "{62C19906-F110-4606-86F0-FAA29314504F}"
EndProject
Project("{FAE04EC0-301F-11D3-BF4B-00C04F79EFBC}") = "PolicyService.Tests", "PolicyService.Tests\PolicyService.Tests.csproj", "{7FE852C0-142A-42AE-96D7-3C0165E67361}"
EndProject
Project("{FAE04EC0-301F-11D3-BF4B-00C04F79EFBC}") = "PolicySearchService", "PolicySearchService\PolicySearchService.csproj", "{C917B654-DD10-4A37-86E5-C80E215B80B2}"
EndProject
Project("{FAE04EC0-301F-11D3-BF4B-00C04F79EFBC}") = "PolicySearchService.Api", "PolicySearchService.Api\PolicySearchService.Api.csproj", "{3A76BD60-58A2-4C81-8026-C2B61B263B53}"
EndProject
Project("{FAE04EC0-301F-11D3-BF4B-00C04F79EFBC}") = "PolicySearchService.Tests", "PolicySearchService.Tests\PolicySearchService.Tests.csproj", "{AF98F8B9-3036-4327-BF82-6EF63BDC6D2D}"
EndProject
Project("{FAE04EC0-301F-11D3-BF4B-00C04F79EFBC}") = "PaymentService", "PaymentService\PaymentService.csproj", "{69A2E83E-92AF-400C-A29C-3A29271A8514}"
EndProject
Project("{FAE04EC0-301F-11D3-BF4B-00C04F79EFBC}") = "PaymentService.Api", "PaymentService.Api\PaymentService.Api.csproj", "{8B42204B-EF04-4CAC-8435-07EDF9940211}"
EndProject
Project("{FAE04EC0-301F-11D3-BF4B-00C04F79EFBC}") = "PaymentService.Tests", "PaymentService.Tests\PaymentService.Tests.csproj", "{D29584DA-544D-4784-A42B-8A8B7922E9E5}"
EndProject
Project("{FAE04EC0-301F-11D3-BF4B-00C04F79EFBC}") = "ProductService", "ProductService\ProductService.csproj", "{44D0A612-46A8-46FD-AD15-CD9DFFD67F73}"
EndProject
Project("{FAE04EC0-301F-11D3-BF4B-00C04F79EFBC}") = "ProductService.Api", "ProductService.Api\ProductService.Api.csproj", "{824C9A6E-C55A-47BA-9704-FAD748862865}"
EndProject
Project("{FAE04EC0-301F-11D3-BF4B-00C04F79EFBC}") = "ProductService.Tests", "ProductService.Tests\ProductService.Tests.csproj", "{16118A06-DFDB-4736-84FB-93A6B52B0CEE}"
EndProject
Project("{FAE04EC0-301F-11D3-BF4B-00C04F79EFBC}") = "DocumentService", "DocumentService\DocumentService.csproj", "{076FEB51-CF86-4AAD-A62C-617245402873}"
EndProject
Project("{FAE04EC0-301F-11D3-BF4B-00C04F79EFBC}") = "DocumentService.Api", "DocumentService.Api\DocumentService.Api.csproj", "{387AF45C-A0B3-48EE-B0C9-882234524691}"
EndProject
Project("{FAE04EC0-301F-11D3-BF4B-00C04F79EFBC}") = "DocumentService.Tests", "DocumentService.Tests\DocumentService.Tests.csproj", "{98FAF256-871D-47FA-844C-5C17064983C8}"
EndProject
Project("{FAE04EC0-301F-11D3-BF4B-00C04F79EFBC}") = "AgentPortalGatewayService", "AgentPortalGatewayService\AgentPortalGatewayService.csproj", "{5BB348FF-7B75-42A9-AB26-D45E30BDFC26}"
EndProject
Project("{FAE04EC0-301F-11D3-BF4B-00C04F79EFBC}") = "AgentPortalGatewayService.Api", "AgentPortalGatewayService.Api\AgentPortalGatewayService.Api.csproj", "{69A1D4C1-9C17-4EC9-81D3-2768CCD6046C}"
EndProject
Project("{FAE04EC0-301F-11D3-BF4B-00C04F79EFBC}") = "AgentPortalGatewayService.Tests", "AgentPortalGatewayService.Tests\AgentPortalGatewayService.Tests.csproj", "{4AEAA3B6-67CB-4CC0-9A41-597090628E2D}"
EndProject
Project("{FAE04EC0-301F-11D3-BF4B-00C04F79EFBC}") = "AuthService.Api", "AuthService.Api\AuthService.Api.csproj", "{131ED75E-9109-4AC0-BB2C-C0B2F3F88DC9}"
EndProject
Project("{FAE04EC0-301F-11D3-BF4B-00C04F79EFBC}") = "AuthService", "AuthService\AuthService.csproj", "{F4273A18-2DEE-43F4-ADF8-5828B11307BE}"
EndProject
Project("{FAE04EC0-301F-11D3-BF4B-00C04F79EFBC}") = "AuthService.Tests", "AuthService.Tests\AuthService.Tests.csproj", "{413073E2-41DD-47C9-9B2A-75F10071F7AD}"
EndProject
Project("{FAE04EC0-301F-11D3-BF4B-00C04F79EFBC}") = "ChatService", "ChatService\ChatService.csproj", "{2347F9DB-18B7-4AFE-83A2-FBA0290A146B}"
EndProject
Project("{FAE04EC0-301F-11D3-BF4B-00C04F79EFBC}") = "ChatService.Api", "ChatService.Api\ChatService.Api.csproj", "{F64FA1C2-C93F-4056-8DA5-BF1FDA7EA98B}"
EndProject
Project("{FAE04EC0-301F-11D3-BF4B-00C04F79EFBC}") = "ChatService.Tests", "ChatService.Tests\ChatService.Tests.csproj", "{2A130000-66B4-4C2B-B913-956F651F13BB}"
EndProject
Project("{2150E333-8FDC-42A3-9474-1A3956D46DE8}") = "postgres", "postgres", "{02EA681E-C7D8-13C7-8484-4AC65E1B71E8}"
	ProjectSection(SolutionItems) = preProject
		postgres\postgres\createdatabases.sql = postgres\postgres\createdatabases.sql
		postgres\postgres\Dockerfile = postgres\postgres\Dockerfile
	EndProjectSection
EndProject
Project("{2150E333-8FDC-42A3-9474-1A3956D46DE8}") = "eureka-server", "eureka-server", "{E6B78579-5462-424B-8DDA-46F3A0A89E0D}"
	ProjectSection(SolutionItems) = preProject
		eureka-server\eureka-server\build.gradle = eureka-server\eureka-server\build.gradle
		eureka-server\eureka-server\Dockerfile = eureka-server\eureka-server\Dockerfile
		eureka-server\eureka-server\gradlew = eureka-server\eureka-server\gradlew
		eureka-server\eureka-server\gradlew.bat = eureka-server\eureka-server\gradlew.bat
	EndProjectSection
EndProject
Project("{2150E333-8FDC-42A3-9474-1A3956D46DE8}") = "gradle", "gradle", "{AC82EF05-9158-4D02-B960-76560EAF0074}"
EndProject
Project("{2150E333-8FDC-42A3-9474-1A3956D46DE8}") = "wrapper", "wrapper", "{F5D68A15-C503-49CE-9827-1F68FA600765}"
	ProjectSection(SolutionItems) = preProject
		..\..\tài liệu pháp luật đại cương photo\eureka-server\eureka-server\gradle\wrapper\gradle-wrapper.jar = ..\..\tài liệu pháp luật đại cương photo\eureka-server\eureka-server\gradle\wrapper\gradle-wrapper.jar
		..\..\tài liệu pháp luật đại cương photo\eureka-server\eureka-server\gradle\wrapper\gradle-wrapper.properties = ..\..\tài liệu pháp luật đại cương photo\eureka-server\eureka-server\gradle\wrapper\gradle-wrapper.properties
	EndProjectSection
EndProject
Project("{2150E333-8FDC-42A3-9474-1A3956D46DE8}") = "src", "src", "{19198FFE-9786-4AF6-BB04-26B3BBD77B7A}"
EndProject
Project("{2150E333-8FDC-42A3-9474-1A3956D46DE8}") = "main", "main", "{A34B3FFE-896A-4695-B4FC-B482C4776825}"
EndProject
Project("{2150E333-8FDC-42A3-9474-1A3956D46DE8}") = "java", "java", "{1DD56F5D-14FA-42F7-860A-1CBA29B5DC57}"
EndProject
Project("{2150E333-8FDC-42A3-9474-1A3956D46DE8}") = "net", "net", "{3328F1FB-297F-4CF5-9348-D6D73A954238}"
EndProject
Project("{2150E333-8FDC-42A3-9474-1A3956D46DE8}") = "chrisrichardson", "chrisrichardson", "{836B2741-140D-4B73-ADDC-B260D0D56B75}"
EndProject
Project("{2150E333-8FDC-42A3-9474-1A3956D46DE8}") = "microservices", "microservices", "{61944421-D3AC-4B78-8741-57F0893A4C92}"
EndProject
Project("{2150E333-8FDC-42A3-9474-1A3956D46DE8}") = "eurekaserver", "eurekaserver", "{6D07F783-046B-4FA8-893B-B77C77B2A214}"
	ProjectSection(SolutionItems) = preProject
		eureka-server\eureka-server\src\main\java\net\chrisrichardson\microservices\eurekaserver\EurekaServer.java = eureka-server\eureka-server\src\main\java\net\chrisrichardson\microservices\eurekaserver\EurekaServer.java
	EndProjectSection
EndProject
Project("{2150E333-8FDC-42A3-9474-1A3956D46DE8}") = "scripts", "scripts", "{6E6A57BC-2F69-4370-BF9D-6ED7213585E7}"
	ProjectSection(SolutionItems) = preProject
		scripts\scripts\app-build.sh = scripts\scripts\app-build.sh
		scripts\scripts\app-down.sh = scripts\scripts\app-down.sh
		scripts\scripts\app-logs.sh = scripts\scripts\app-logs.sh
		scripts\scripts\app-run.sh = scripts\scripts\app-run.sh
		scripts\scripts\app.yml = scripts\scripts\app.yml
		scripts\scripts\build-without-tests.bat = scripts\scripts\build-without-tests.bat
		scripts\scripts\build-without-tests.sh = scripts\scripts\build-without-tests.sh
		scripts\scripts\build.bat = scripts\scripts\build.bat
		scripts\scripts\build.sh = scripts\scripts\build.sh
		scripts\scripts\infra-build.sh = scripts\scripts\infra-build.sh
		scripts\scripts\infra-down.sh = scripts\scripts\infra-down.sh
		scripts\scripts\infra-logs.sh = scripts\scripts\infra-logs.sh
		scripts\scripts\infra-run.sh = scripts\scripts\infra-run.sh
		scripts\scripts\infra.yml = scripts\scripts\infra.yml
		scripts\scripts\rabbitmq-isolated.conf = scripts\scripts\rabbitmq-isolated.conf
	EndProjectSection
EndProject
Project("{2150E333-8FDC-42A3-9474-1A3956D46DE8}") = "Web", "Web", "{84DD4607-E248-46A6-9112-9508637B6BCE}"
	ProjectSection(SolutionItems) = preProject
		Web\Web\.dockerignore = Web\Web\.dockerignore
		Web\Web\.env-example = Web\Web\.env-example
		Web\Web\.gitignore = Web\Web\.gitignore
		Web\Web\babel.config.js = Web\Web\babel.config.js
		Web\Web\Dockerfile = Web\Web\Dockerfile
		Web\Web\nginx.conf = Web\Web\nginx.conf
		Web\Web\package-lock.json = Web\Web\package-lock.json
		Web\Web\package.json = Web\Web\package.json
		Web\Web\README.md = Web\Web\README.md
		Web\Web\yarn.lock = Web\Web\yarn.lock
	EndProjectSection
EndProject
Project("{2150E333-8FDC-42A3-9474-1A3956D46DE8}") = "src", "src", "{61312412-B192-4C5B-A0C5-AA46F6ED4FE7}"
	ProjectSection(SolutionItems) = preProject
		Web\Web\src\App.vue = Web\Web\src\App.vue
		Web\Web\src\main.js = Web\Web\src\main.js
		Web\Web\src\router.js = Web\Web\src\router.js
	EndProjectSection
EndProject
Project("{2150E333-8FDC-42A3-9474-1A3956D46DE8}") = "views", "views", "{3E2FB5A4-8AB5-4578-A359-8D7986252EC9}"
	ProjectSection(SolutionItems) = preProject
		Web\Web\src\views\AccountView.vue = Web\Web\src\views\AccountView.vue
		Web\Web\src\views\ChatbotView.vue = Web\Web\src\views\ChatbotView.vue
		Web\Web\src\views\ChatView.vue = Web\Web\src\views\ChatView.vue
		Web\Web\src\views\DashboardView.vue = Web\Web\src\views\DashboardView.vue
		Web\Web\src\views\HomeView.vue = Web\Web\src\views\HomeView.vue
		Web\Web\src\views\PoliciesView.vue = Web\Web\src\views\PoliciesView.vue
		Web\Web\src\views\PolicyCreateView.vue = Web\Web\src\views\PolicyCreateView.vue
		Web\Web\src\views\PolicyDetailsView.vue = Web\Web\src\views\PolicyDetailsView.vue
		Web\Web\src\views\ProductDetailsView.vue = Web\Web\src\views\ProductDetailsView.vue
		Web\Web\src\views\ProductsView.vue = Web\Web\src\views\ProductsView.vue
	EndProjectSection
EndProject
Project("{2150E333-8FDC-42A3-9474-1A3956D46DE8}") = "components", "components", "{F334CA5C-CF4B-47FC-A365-3ADD025CF5AB}"
	ProjectSection(SolutionItems) = preProject
		Web\Web\src\components\Account.vue = Web\Web\src\components\Account.vue
		Web\Web\src\components\Chat.vue = Web\Web\src\components\Chat.vue
		Web\Web\src\components\Chatbot.vue = Web\Web\src\components\Chatbot.vue
		Web\Web\src\components\CoverList.vue = Web\Web\src\components\CoverList.vue
		Web\Web\src\components\Dashboard.vue = Web\Web\src\components\Dashboard.vue
		Web\Web\src\components\Home.vue = Web\Web\src\components\Home.vue
		Web\Web\src\components\PolicyCreate.vue = Web\Web\src\components\PolicyCreate.vue
		Web\Web\src\components\PolicyDetails.vue = Web\Web\src\components\PolicyDetails.vue
		Web\Web\src\components\PolicyList.vue = Web\Web\src\components\PolicyList.vue
		Web\Web\src\components\ProductCard.vue = Web\Web\src\components\ProductCard.vue
		Web\Web\src\components\ProductDetails.vue = Web\Web\src\components\ProductDetails.vue
		Web\Web\src\components\ProductList.vue = Web\Web\src\components\ProductList.vue
		Web\Web\src\components\SalesAgents.vue = Web\Web\src\components\SalesAgents.vue
		Web\Web\src\components\SalesBar.js = Web\Web\src\components\SalesBar.js
		Web\Web\src\components\SalesDistribution.vue = Web\Web\src\components\SalesDistribution.vue
		Web\Web\src\components\SalesLines.js = Web\Web\src\components\SalesLines.js
		Web\Web\src\components\SalesPie.js = Web\Web\src\components\SalesPie.js
		Web\Web\src\components\SalesTrendsLines.vue = Web\Web\src\components\SalesTrendsLines.vue
		Web\Web\src\components\TotalSalesCard.vue = Web\Web\src\components\TotalSalesCard.vue
	EndProjectSection
EndProject
Project("{2150E333-8FDC-42A3-9474-1A3956D46DE8}") = "http", "http", "{E64AB1B7-66B5-4638-B234-7C0E18037603}"
	ProjectSection(SolutionItems) = preProject
		Web\Web\src\components\http\ApiClient.js = Web\Web\src\components\http\ApiClient.js
		Web\Web\src\components\http\Auth.js = Web\Web\src\components\http\Auth.js
		Web\Web\src\components\http\WebSocket.js = Web\Web\src\components\http\WebSocket.js
	EndProjectSection
EndProject
Project("{2150E333-8FDC-42A3-9474-1A3956D46DE8}") = "public", "public", "{D1579082-7750-4021-83AE-C35A667D857D}"
	ProjectSection(SolutionItems) = preProject
		Web\Web\public\favicon.ico = Web\Web\public\favicon.ico
		Web\Web\public\index.html = Web\Web\public\index.html
	EndProjectSection
EndProject
Project("{2150E333-8FDC-42A3-9474-1A3956D46DE8}") = "static", "static", "{100D7802-AFD0-4490-840E-58D694F3284B}"
	ProjectSection(SolutionItems) = preProject
		Web\Web\public\static\car.jpg = Web\Web\public\static\car.jpg
		Web\Web\public\static\farm.jpg = Web\Web\public\static\farm.jpg
		Web\Web\public\static\house.jpg = Web\Web\public\static\house.jpg
		Web\Web\public\static\travel.jpg = Web\Web\public\static\travel.jpg
	EndProjectSection
EndProject
Project("{2150E333-8FDC-42A3-9474-1A3956D46DE8}") = "avatars", "avatars", "{6D5AF185-6FB9-4B92-9C68-F5A81B244884}"
	ProjectSection(SolutionItems) = preProject
		Web\Web\public\static\avatars\admin.png = Web\Web\public\static\avatars\admin.png
		Web\Web\public\static\avatars\agent1.png = Web\Web\public\static\avatars\agent1.png
		Web\Web\public\static\avatars\danny_solid.png = Web\Web\public\static\avatars\danny_solid.png
		Web\Web\public\static\avatars\jimmy_solid.png = Web\Web\public\static\avatars\jimmy_solid.png
	EndProjectSection
EndProject
Project("{FAE04EC0-301F-11D3-BF4B-00C04F79EFBC}") = "AgentPortalApiGateway", "AgentPortalApiGateway\AgentPortalApiGateway\AgentPortalApiGateway.csproj", "{EF098ABA-B7CE-99E1-03ED-D0E19FB9A444}"
EndProject
Project("{FAE04EC0-301F-11D3-BF4B-00C04F79EFBC}") = "BlazorWasmClient", "BlazorWasmClient\BlazorWasmClient\BlazorWasmClient.csproj", "{0D7482CD-7A76-1680-CF20-B9D50396DA7C}"
EndProject
Global
	GlobalSection(SolutionConfigurationPlatforms) = preSolution
		Debug|Any CPU = Debug|Any CPU
		Release|Any CPU = Release|Any CPU
	EndGlobalSection
	GlobalSection(ProjectConfigurationPlatforms) = postSolution
		{FA0F04C3-4F47-4E70-82A1-0138552593FE}.Debug|Any CPU.ActiveCfg = Debug|Any CPU
		{FA0F04C3-4F47-4E70-82A1-0138552593FE}.Debug|Any CPU.Build.0 = Debug|Any CPU
		{FA0F04C3-4F47-4E70-82A1-0138552593FE}.Release|Any CPU.ActiveCfg = Release|Any CPU
		{FA0F04C3-4F47-4E70-82A1-0138552593FE}.Release|Any CPU.Build.0 = Release|Any CPU
		{7A52E79F-6D9F-4BA6-B5CF-3B05DDF790A4}.Debug|Any CPU.ActiveCfg = Debug|Any CPU
		{7A52E79F-6D9F-4BA6-B5CF-3B05DDF790A4}.Debug|Any CPU.Build.0 = Debug|Any CPU
		{7A52E79F-6D9F-4BA6-B5CF-3B05DDF790A4}.Release|Any CPU.ActiveCfg = Release|Any CPU
		{7A52E79F-6D9F-4BA6-B5CF-3B05DDF790A4}.Release|Any CPU.Build.0 = Release|Any CPU
		{6AC44360-39BA-4113-B8F9-00BAB3E3CBC6}.Debug|Any CPU.ActiveCfg = Debug|Any CPU
		{6AC44360-39BA-4113-B8F9-00BAB3E3CBC6}.Debug|Any CPU.Build.0 = Debug|Any CPU
		{6AC44360-39BA-4113-B8F9-00BAB3E3CBC6}.Release|Any CPU.ActiveCfg = Release|Any CPU
		{6AC44360-39BA-4113-B8F9-00BAB3E3CBC6}.Release|Any CPU.Build.0 = Release|Any CPU
		{97329D8E-ECED-4335-B378-09E504638C50}.Debug|Any CPU.ActiveCfg = Debug|Any CPU
		{97329D8E-ECED-4335-B378-09E504638C50}.Debug|Any CPU.Build.0 = Debug|Any CPU
		{97329D8E-ECED-4335-B378-09E504638C50}.Release|Any CPU.ActiveCfg = Release|Any CPU
		{97329D8E-ECED-4335-B378-09E504638C50}.Release|Any CPU.Build.0 = Release|Any CPU
		{62C19906-F110-4606-86F0-FAA29314504F}.Debug|Any CPU.ActiveCfg = Debug|Any CPU
		{62C19906-F110-4606-86F0-FAA29314504F}.Debug|Any CPU.Build.0 = Debug|Any CPU
		{62C19906-F110-4606-86F0-FAA29314504F}.Release|Any CPU.ActiveCfg = Release|Any CPU
		{62C19906-F110-4606-86F0-FAA29314504F}.Release|Any CPU.Build.0 = Release|Any CPU
		{7FE852C0-142A-42AE-96D7-3C0165E67361}.Debug|Any CPU.ActiveCfg = Debug|Any CPU
		{7FE852C0-142A-42AE-96D7-3C0165E67361}.Debug|Any CPU.Build.0 = Debug|Any CPU
		{7FE852C0-142A-42AE-96D7-3C0165E67361}.Release|Any CPU.ActiveCfg = Release|Any CPU
		{7FE852C0-142A-42AE-96D7-3C0165E67361}.Release|Any CPU.Build.0 = Release|Any CPU
		{C917B654-DD10-4A37-86E5-C80E215B80B2}.Debug|Any CPU.ActiveCfg = Debug|Any CPU
		{C917B654-DD10-4A37-86E5-C80E215B80B2}.Debug|Any CPU.Build.0 = Debug|Any CPU
		{C917B654-DD10-4A37-86E5-C80E215B80B2}.Release|Any CPU.ActiveCfg = Release|Any CPU
		{C917B654-DD10-4A37-86E5-C80E215B80B2}.Release|Any CPU.Build.0 = Release|Any CPU
		{3A76BD60-58A2-4C81-8026-C2B61B263B53}.Debug|Any CPU.ActiveCfg = Debug|Any CPU
		{3A76BD60-58A2-4C81-8026-C2B61B263B53}.Debug|Any CPU.Build.0 = Debug|Any CPU
		{3A76BD60-58A2-4C81-8026-C2B61B263B53}.Release|Any CPU.ActiveCfg = Release|Any CPU
		{3A76BD60-58A2-4C81-8026-C2B61B263B53}.Release|Any CPU.Build.0 = Release|Any CPU
		{AF98F8B9-3036-4327-BF82-6EF63BDC6D2D}.Debug|Any CPU.ActiveCfg = Debug|Any CPU
		{AF98F8B9-3036-4327-BF82-6EF63BDC6D2D}.Debug|Any CPU.Build.0 = Debug|Any CPU
		{AF98F8B9-3036-4327-BF82-6EF63BDC6D2D}.Release|Any CPU.ActiveCfg = Release|Any CPU
		{AF98F8B9-3036-4327-BF82-6EF63BDC6D2D}.Release|Any CPU.Build.0 = Release|Any CPU
		{69A2E83E-92AF-400C-A29C-3A29271A8514}.Debug|Any CPU.ActiveCfg = Debug|Any CPU
		{69A2E83E-92AF-400C-A29C-3A29271A8514}.Debug|Any CPU.Build.0 = Debug|Any CPU
		{69A2E83E-92AF-400C-A29C-3A29271A8514}.Release|Any CPU.ActiveCfg = Release|Any CPU
		{69A2E83E-92AF-400C-A29C-3A29271A8514}.Release|Any CPU.Build.0 = Release|Any CPU
		{8B42204B-EF04-4CAC-8435-07EDF9940211}.Debug|Any CPU.ActiveCfg = Debug|Any CPU
		{8B42204B-EF04-4CAC-8435-07EDF9940211}.Debug|Any CPU.Build.0 = Debug|Any CPU
		{8B42204B-EF04-4CAC-8435-07EDF9940211}.Release|Any CPU.ActiveCfg = Release|Any CPU
		{8B42204B-EF04-4CAC-8435-07EDF9940211}.Release|Any CPU.Build.0 = Release|Any CPU
		{D29584DA-544D-4784-A42B-8A8B7922E9E5}.Debug|Any CPU.ActiveCfg = Debug|Any CPU
		{D29584DA-544D-4784-A42B-8A8B7922E9E5}.Debug|Any CPU.Build.0 = Debug|Any CPU
		{D29584DA-544D-4784-A42B-8A8B7922E9E5}.Release|Any CPU.ActiveCfg = Release|Any CPU
		{D29584DA-544D-4784-A42B-8A8B7922E9E5}.Release|Any CPU.Build.0 = Release|Any CPU
		{44D0A612-46A8-46FD-AD15-CD9DFFD67F73}.Debug|Any CPU.ActiveCfg = Debug|Any CPU
		{44D0A612-46A8-46FD-AD15-CD9DFFD67F73}.Debug|Any CPU.Build.0 = Debug|Any CPU
		{44D0A612-46A8-46FD-AD15-CD9DFFD67F73}.Release|Any CPU.ActiveCfg = Release|Any CPU
		{44D0A612-46A8-46FD-AD15-CD9DFFD67F73}.Release|Any CPU.Build.0 = Release|Any CPU
		{824C9A6E-C55A-47BA-9704-FAD748862865}.Debug|Any CPU.ActiveCfg = Debug|Any CPU
		{824C9A6E-C55A-47BA-9704-FAD748862865}.Debug|Any CPU.Build.0 = Debug|Any CPU
		{824C9A6E-C55A-47BA-9704-FAD748862865}.Release|Any CPU.ActiveCfg = Release|Any CPU
		{824C9A6E-C55A-47BA-9704-FAD748862865}.Release|Any CPU.Build.0 = Release|Any CPU
		{16118A06-DFDB-4736-84FB-93A6B52B0CEE}.Debug|Any CPU.ActiveCfg = Debug|Any CPU
		{16118A06-DFDB-4736-84FB-93A6B52B0CEE}.Debug|Any CPU.Build.0 = Debug|Any CPU
		{16118A06-DFDB-4736-84FB-93A6B52B0CEE}.Release|Any CPU.ActiveCfg = Release|Any CPU
		{16118A06-DFDB-4736-84FB-93A6B52B0CEE}.Release|Any CPU.Build.0 = Release|Any CPU
		{076FEB51-CF86-4AAD-A62C-617245402873}.Debug|Any CPU.ActiveCfg = Debug|Any CPU
		{076FEB51-CF86-4AAD-A62C-617245402873}.Debug|Any CPU.Build.0 = Debug|Any CPU
		{076FEB51-CF86-4AAD-A62C-617245402873}.Release|Any CPU.ActiveCfg = Release|Any CPU
		{076FEB51-CF86-4AAD-A62C-617245402873}.Release|Any CPU.Build.0 = Release|Any CPU
		{387AF45C-A0B3-48EE-B0C9-882234524691}.Debug|Any CPU.ActiveCfg = Debug|Any CPU
		{387AF45C-A0B3-48EE-B0C9-882234524691}.Debug|Any CPU.Build.0 = Debug|Any CPU
		{387AF45C-A0B3-48EE-B0C9-882234524691}.Release|Any CPU.ActiveCfg = Release|Any CPU
		{387AF45C-A0B3-48EE-B0C9-882234524691}.Release|Any CPU.Build.0 = Release|Any CPU
		{98FAF256-871D-47FA-844C-5C17064983C8}.Debug|Any CPU.ActiveCfg = Debug|Any CPU
		{98FAF256-871D-47FA-844C-5C17064983C8}.Debug|Any CPU.Build.0 = Debug|Any CPU
		{98FAF256-871D-47FA-844C-5C17064983C8}.Release|Any CPU.ActiveCfg = Release|Any CPU
		{98FAF256-871D-47FA-844C-5C17064983C8}.Release|Any CPU.Build.0 = Release|Any CPU
		{5BB348FF-7B75-42A9-AB26-D45E30BDFC26}.Debug|Any CPU.ActiveCfg = Debug|Any CPU
		{5BB348FF-7B75-42A9-AB26-D45E30BDFC26}.Debug|Any CPU.Build.0 = Debug|Any CPU
		{5BB348FF-7B75-42A9-AB26-D45E30BDFC26}.Release|Any CPU.ActiveCfg = Release|Any CPU
		{5BB348FF-7B75-42A9-AB26-D45E30BDFC26}.Release|Any CPU.Build.0 = Release|Any CPU
		{69A1D4C1-9C17-4EC9-81D3-2768CCD6046C}.Debug|Any CPU.ActiveCfg = Debug|Any CPU
		{69A1D4C1-9C17-4EC9-81D3-2768CCD6046C}.Debug|Any CPU.Build.0 = Debug|Any CPU
		{69A1D4C1-9C17-4EC9-81D3-2768CCD6046C}.Release|Any CPU.ActiveCfg = Release|Any CPU
		{69A1D4C1-9C17-4EC9-81D3-2768CCD6046C}.Release|Any CPU.Build.0 = Release|Any CPU
		{4AEAA3B6-67CB-4CC0-9A41-597090628E2D}.Debug|Any CPU.ActiveCfg = Debug|Any CPU
		{4AEAA3B6-67CB-4CC0-9A41-597090628E2D}.Debug|Any CPU.Build.0 = Debug|Any CPU
		{4AEAA3B6-67CB-4CC0-9A41-597090628E2D}.Release|Any CPU.ActiveCfg = Release|Any CPU
		{4AEAA3B6-67CB-4CC0-9A41-597090628E2D}.Release|Any CPU.Build.0 = Release|Any CPU
		{131ED75E-9109-4AC0-BB2C-C0B2F3F88DC9}.Debug|Any CPU.ActiveCfg = Debug|Any CPU
		{131ED75E-9109-4AC0-BB2C-C0B2F3F88DC9}.Debug|Any CPU.Build.0 = Debug|Any CPU
		{131ED75E-9109-4AC0-BB2C-C0B2F3F88DC9}.Release|Any CPU.ActiveCfg = Release|Any CPU
		{131ED75E-9109-4AC0-BB2C-C0B2F3F88DC9}.Release|Any CPU.Build.0 = Release|Any CPU
		{F4273A18-2DEE-43F4-ADF8-5828B11307BE}.Debug|Any CPU.ActiveCfg = Debug|Any CPU
		{F4273A18-2DEE-43F4-ADF8-5828B11307BE}.Debug|Any CPU.Build.0 = Debug|Any CPU
		{F4273A18-2DEE-43F4-ADF8-5828B11307BE}.Release|Any CPU.ActiveCfg = Release|Any CPU
		{F4273A18-2DEE-43F4-ADF8-5828B11307BE}.Release|Any CPU.Build.0 = Release|Any CPU
		{413073E2-41DD-47C9-9B2A-75F10071F7AD}.Debug|Any CPU.ActiveCfg = Debug|Any CPU
		{413073E2-41DD-47C9-9B2A-75F10071F7AD}.Debug|Any CPU.Build.0 = Debug|Any CPU
		{413073E2-41DD-47C9-9B2A-75F10071F7AD}.Release|Any CPU.ActiveCfg = Release|Any CPU
		{413073E2-41DD-47C9-9B2A-75F10071F7AD}.Release|Any CPU.Build.0 = Release|Any CPU
		{2347F9DB-18B7-4AFE-83A2-FBA0290A146B}.Debug|Any CPU.ActiveCfg = Debug|Any CPU
		{2347F9DB-18B7-4AFE-83A2-FBA0290A146B}.Debug|Any CPU.Build.0 = Debug|Any CPU
		{2347F9DB-18B7-4AFE-83A2-FBA0290A146B}.Release|Any CPU.ActiveCfg = Release|Any CPU
		{2347F9DB-18B7-4AFE-83A2-FBA0290A146B}.Release|Any CPU.Build.0 = Release|Any CPU
		{F64FA1C2-C93F-4056-8DA5-BF1FDA7EA98B}.Debug|Any CPU.ActiveCfg = Debug|Any CPU
		{F64FA1C2-C93F-4056-8DA5-BF1FDA7EA98B}.Debug|Any CPU.Build.0 = Debug|Any CPU
		{F64FA1C2-C93F-4056-8DA5-BF1FDA7EA98B}.Release|Any CPU.ActiveCfg = Release|Any CPU
		{F64FA1C2-C93F-4056-8DA5-BF1FDA7EA98B}.Release|Any CPU.Build.0 = Release|Any CPU
		{2A130000-66B4-4C2B-B913-956F651F13BB}.Debug|Any CPU.ActiveCfg = Debug|Any CPU
		{2A130000-66B4-4C2B-B913-956F651F13BB}.Debug|Any CPU.Build.0 = Debug|Any CPU
		{2A130000-66B4-4C2B-B913-956F651F13BB}.Release|Any CPU.ActiveCfg = Release|Any CPU
		{2A130000-66B4-4C2B-B913-956F651F13BB}.Release|Any CPU.Build.0 = Release|Any CPU
		{EF098ABA-B7CE-99E1-03ED-D0E19FB9A444}.Debug|Any CPU.ActiveCfg = Debug|Any CPU
		{EF098ABA-B7CE-99E1-03ED-D0E19FB9A444}.Debug|Any CPU.Build.0 = Debug|Any CPU
		{EF098ABA-B7CE-99E1-03ED-D0E19FB9A444}.Release|Any CPU.ActiveCfg = Release|Any CPU
		{EF098ABA-B7CE-99E1-03ED-D0E19FB9A444}.Release|Any CPU.Build.0 = Release|Any CPU
		{0D7482CD-7A76-1680-CF20-B9D50396DA7C}.Debug|Any CPU.ActiveCfg = Debug|Any CPU
		{0D7482CD-7A76-1680-CF20-B9D50396DA7C}.Debug|Any CPU.Build.0 = Debug|Any CPU
		{0D7482CD-7A76-1680-CF20-B9D50396DA7C}.Release|Any CPU.ActiveCfg = Release|Any CPU
		{0D7482CD-7A76-1680-CF20-B9D50396DA7C}.Release|Any CPU.Build.0 = Release|Any CPU
	EndGlobalSection
	GlobalSection(SolutionProperties) = preSolution
		HideSolutionNode = FALSE
	EndGlobalSection
	GlobalSection(NestedProjects) = preSolution
		{AC82EF05-9158-4D02-B960-76560EAF0074} = {E6B78579-5462-424B-8DDA-46F3A0A89E0D}
		{F5D68A15-C503-49CE-9827-1F68FA600765} = {AC82EF05-9158-4D02-B960-76560EAF0074}
		{19198FFE-9786-4AF6-BB04-26B3BBD77B7A} = {E6B78579-5462-424B-8DDA-46F3A0A89E0D}
		{A34B3FFE-896A-4695-B4FC-B482C4776825} = {19198FFE-9786-4AF6-BB04-26B3BBD77B7A}
		{1DD56F5D-14FA-42F7-860A-1CBA29B5DC57} = {A34B3FFE-896A-4695-B4FC-B482C4776825}
		{3328F1FB-297F-4CF5-9348-D6D73A954238} = {1DD56F5D-14FA-42F7-860A-1CBA29B5DC57}
		{836B2741-140D-4B73-ADDC-B260D0D56B75} = {3328F1FB-297F-4CF5-9348-D6D73A954238}
		{61944421-D3AC-4B78-8741-57F0893A4C92} = {836B2741-140D-4B73-ADDC-B260D0D56B75}
		{6D07F783-046B-4FA8-893B-B77C77B2A214} = {61944421-D3AC-4B78-8741-57F0893A4C92}
		{61312412-B192-4C5B-A0C5-AA46F6ED4FE7} = {84DD4607-E248-46A6-9112-9508637B6BCE}
		{3E2FB5A4-8AB5-4578-A359-8D7986252EC9} = {61312412-B192-4C5B-A0C5-AA46F6ED4FE7}
		{F334CA5C-CF4B-47FC-A365-3ADD025CF5AB} = {61312412-B192-4C5B-A0C5-AA46F6ED4FE7}
		{E64AB1B7-66B5-4638-B234-7C0E18037603} = {61312412-B192-4C5B-A0C5-AA46F6ED4FE7}
		{D1579082-7750-4021-83AE-C35A667D857D} = {84DD4607-E248-46A6-9112-9508637B6BCE}
		{100D7802-AFD0-4490-840E-58D694F3284B} = {D1579082-7750-4021-83AE-C35A667D857D}
		{6D5AF185-6FB9-4B92-9C68-F5A81B244884} = {100D7802-AFD0-4490-840E-58D694F3284B}
	EndGlobalSection
	GlobalSection(ExtensibilityGlobals) = postSolution
		SolutionGuid = {BD40463E-37CE-48DD-910E-298FAFD90E83}
	EndGlobalSection
EndGlobal
